
Microsoft Visual Studio Solution File, Format Version 12.00
# Visual Studio Version 17
VisualStudioVersion = 17.11.35312.102
MinimumVisualStudioVersion = 10.0.40219.1
Project("{FAE04EC0-301F-11D3-BF4B-00C04F79EFBC}") = "New Talents", "New Talents\New Talents.csproj", "{67805D79-3DDF-4F61-BBF3-6C61009A0992}"
EndProject
Project("{FAE04EC0-301F-11D3-BF4B-00C04F79EFBC}") = "TestNewTalents", "TestNewTalents\TestNewTalents.csproj", "{981ADA93-401D-45F1-9B3F-B4650BB60C96}"
EndProject
Global
	GlobalSection(SolutionConfigurationPlatforms) = preSolution
		Debug|Any CPU = Debug|Any CPU
		Release|Any CPU = Release|Any CPU
	EndGlobalSection
	GlobalSection(ProjectConfigurationPlatforms) = postSolution
		{67805D79-3DDF-4F61-BBF3-6C61009A0992}.Debug|Any CPU.ActiveCfg = Debug|Any CPU
		{67805D79-3DDF-4F61-BBF3-6C61009A0992}.Debug|Any CPU.Build.0 = Debug|Any CPU
		{67805D79-3DDF-4F61-BBF3-6C61009A0992}.Release|Any CPU.ActiveCfg = Release|Any CPU
		{67805D79-3DDF-4F61-BBF3-6C61009A0992}.Release|Any CPU.Build.0 = Release|Any CPU
		{981ADA93-401D-45F1-9B3F-B4650BB60C96}.Debug|Any CPU.ActiveCfg = Debug|Any CPU
		{981ADA93-401D-45F1-9B3F-B4650BB60C96}.Debug|Any CPU.Build.0 = Debug|Any CPU
		{981ADA93-401D-45F1-9B3F-B4650BB60C96}.Release|Any CPU.ActiveCfg = Release|Any CPU
		{981ADA93-401D-45F1-9B3F-B4650BB60C96}.Release|Any CPU.Build.0 = Release|Any CPU
	EndGlobalSection
	GlobalSection(SolutionProperties) = preSolution
		HideSolutionNode = FALSE
	EndGlobalSection
	GlobalSection(ExtensibilityGlobals) = postSolution
		SolutionGuid = {EED63AC5-00BF-4BA0-973C-850ABD89EDC6}
	EndGlobalSection
EndGlobal
